// !$*UTF8*$!
{
	archiveVersion = 1;
	classes = {
	};
	objectVersion = 56;
	objects = {

/* Begin PBXBuildFile section */
		5103F7A42BF2D1E6009B11ED /* data.json in Resources */ = {isa = PBXBuildFile; fileRef = 5103F7A32BF2D1E6009B11ED /* data.json */; };
		5103F7A62BF2D765009B11ED /* DolarLocalModel.swift in Sources */ = {isa = PBXBuildFile; fileRef = 5103F7A52BF2D765009B11ED /* DolarLocalModel.swift */; };
		5103F7AE2BF45502009B11ED /* HistoricoViewModel.swift in Sources */ = {isa = PBXBuildFile; fileRef = 5103F7AD2BF45502009B11ED /* HistoricoViewModel.swift */; };
		5103F7B02BF4587F009B11ED /* ScrapHistorico.swift in Sources */ = {isa = PBXBuildFile; fileRef = 5103F7AF2BF4587F009B11ED /* ScrapHistorico.swift */; };
		5103F7B22BF57863009B11ED /* LaunchScreen.storyboard in Resources */ = {isa = PBXBuildFile; fileRef = 5103F7B12BF57863009B11ED /* LaunchScreen.storyboard */; };
		5158CE002BE6ABF200C963EA /* ChartView.swift in Sources */ = {isa = PBXBuildFile; fileRef = 5158CDFF2BE6ABF200C963EA /* ChartView.swift */; };
		5158CE022BE6B9D100C963EA /* HistoricoModel.swift in Sources */ = {isa = PBXBuildFile; fileRef = 5158CE012BE6B9D100C963EA /* HistoricoModel.swift */; };
		5158CE062BE9825D00C963EA /* DolarChartModel.swift in Sources */ = {isa = PBXBuildFile; fileRef = 5158CE052BE9825D00C963EA /* DolarChartModel.swift */; };
		5199EE402BF018A300B5BABD /* ChartAnimationStroke.swift in Sources */ = {isa = PBXBuildFile; fileRef = 5199EE3F2BF018A300B5BABD /* ChartAnimationStroke.swift */; };
		519CEB9C2BEAFAD9005144E7 /* ChartLoading.swift in Sources */ = {isa = PBXBuildFile; fileRef = 519CEB9B2BEAFAD8005144E7 /* ChartLoading.swift */; };
		51C3FB512BE2F19900667FB4 /* DolargApp.swift in Sources */ = {isa = PBXBuildFile; fileRef = 51C3FB502BE2F19900667FB4 /* DolargApp.swift */; };
		51C3FB532BE2F19900667FB4 /* Home.swift in Sources */ = {isa = PBXBuildFile; fileRef = 51C3FB522BE2F19900667FB4 /* Home.swift */; };
		51C3FB552BE2F19B00667FB4 /* Assets.xcassets in Resources */ = {isa = PBXBuildFile; fileRef = 51C3FB542BE2F19B00667FB4 /* Assets.xcassets */; };
		51C3FB582BE2F19B00667FB4 /* Preview Assets.xcassets in Resources */ = {isa = PBXBuildFile; fileRef = 51C3FB572BE2F19B00667FB4 /* Preview Assets.xcassets */; };
		51C3FB632BE2FA3000667FB4 /* CardPrincipal.swift in Sources */ = {isa = PBXBuildFile; fileRef = 51C3FB622BE2FA3000667FB4 /* CardPrincipal.swift */; };
		51C3FB662BE42F5100667FB4 /* SwiftSoup in Frameworks */ = {isa = PBXBuildFile; productRef = 51C3FB652BE42F5100667FB4 /* SwiftSoup */; };
		51C3FB692BE43CBE00667FB4 /* Scrapper.swift in Sources */ = {isa = PBXBuildFile; fileRef = 51C3FB682BE43CBE00667FB4 /* Scrapper.swift */; };
		51C454252BE4810A00B4D13B /* DolarModel.swift in Sources */ = {isa = PBXBuildFile; fileRef = 51C454242BE4810A00B4D13B /* DolarModel.swift */; };
		51C454282BE481CE00B4D13B /* DolarEnum.swift in Sources */ = {isa = PBXBuildFile; fileRef = 51C454272BE481CE00B4D13B /* DolarEnum.swift */; };
		51C4542B2BE4838500B4D13B /* DolarViewModel.swift in Sources */ = {isa = PBXBuildFile; fileRef = 51C4542A2BE4838500B4D13B /* DolarViewModel.swift */; };
		51C4542D2BE5723A00B4D13B /* NetworkErrors.swift in Sources */ = {isa = PBXBuildFile; fileRef = 51C4542C2BE5723A00B4D13B /* NetworkErrors.swift */; };
		51C4542F2BE5794F00B4D13B /* DolarCardLoading.swift in Sources */ = {isa = PBXBuildFile; fileRef = 51C4542E2BE5794F00B4D13B /* DolarCardLoading.swift */; };
		51C454312BE57F1400B4D13B /* GeneralFunctions.swift in Sources */ = {isa = PBXBuildFile; fileRef = 51C454302BE57F1400B4D13B /* GeneralFunctions.swift */; };
		51E506C02BEC231F0002FFC6 /* WhiteCardBackGround.swift in Sources */ = {isa = PBXBuildFile; fileRef = 51E506BF2BEC231F0002FFC6 /* WhiteCardBackGround.swift */; };
		51E506C22BEC23490002FFC6 /* ColorBackGround.swift in Sources */ = {isa = PBXBuildFile; fileRef = 51E506C12BEC23490002FFC6 /* ColorBackGround.swift */; };
/* End PBXBuildFile section */

/* Begin PBXFileReference section */
		5103F7A32BF2D1E6009B11ED /* data.json */ = {isa = PBXFileReference; fileEncoding = 4; lastKnownFileType = text.json; name = data.json; path = Dolarg/Scrapper/data.json; sourceTree = SOURCE_ROOT; };
		5103F7A52BF2D765009B11ED /* DolarLocalModel.swift */ = {isa = PBXFileReference; lastKnownFileType = sourcecode.swift; path = DolarLocalModel.swift; sourceTree = "<group>"; };
		5103F7AD2BF45502009B11ED /* HistoricoViewModel.swift */ = {isa = PBXFileReference; lastKnownFileType = sourcecode.swift; path = HistoricoViewModel.swift; sourceTree = "<group>"; };
		5103F7AF2BF4587F009B11ED /* ScrapHistorico.swift */ = {isa = PBXFileReference; lastKnownFileType = sourcecode.swift; path = ScrapHistorico.swift; sourceTree = "<group>"; };
		5103F7B12BF57863009B11ED /* LaunchScreen.storyboard */ = {isa = PBXFileReference; lastKnownFileType = file.storyboard; path = LaunchScreen.storyboard; sourceTree = "<group>"; };
		5158CDFF2BE6ABF200C963EA /* ChartView.swift */ = {isa = PBXFileReference; lastKnownFileType = sourcecode.swift; path = ChartView.swift; sourceTree = "<group>"; };
		5158CE012BE6B9D100C963EA /* HistoricoModel.swift */ = {isa = PBXFileReference; lastKnownFileType = sourcecode.swift; path = HistoricoModel.swift; sourceTree = "<group>"; };
		5158CE052BE9825D00C963EA /* DolarChartModel.swift */ = {isa = PBXFileReference; lastKnownFileType = sourcecode.swift; path = DolarChartModel.swift; sourceTree = "<group>"; };
		5199EE3F2BF018A300B5BABD /* ChartAnimationStroke.swift */ = {isa = PBXFileReference; lastKnownFileType = sourcecode.swift; path = ChartAnimationStroke.swift; sourceTree = "<group>"; };
		519CEB9B2BEAFAD8005144E7 /* ChartLoading.swift */ = {isa = PBXFileReference; lastKnownFileType = sourcecode.swift; path = ChartLoading.swift; sourceTree = "<group>"; };
		51C3FB4D2BE2F19900667FB4 /* Dolarg.app */ = {isa = PBXFileReference; explicitFileType = wrapper.application; includeInIndex = 0; path = Dolarg.app; sourceTree = BUILT_PRODUCTS_DIR; };
		51C3FB502BE2F19900667FB4 /* DolargApp.swift */ = {isa = PBXFileReference; lastKnownFileType = sourcecode.swift; path = DolargApp.swift; sourceTree = "<group>"; };
		51C3FB522BE2F19900667FB4 /* Home.swift */ = {isa = PBXFileReference; lastKnownFileType = sourcecode.swift; path = Home.swift; sourceTree = "<group>"; };
		51C3FB542BE2F19B00667FB4 /* Assets.xcassets */ = {isa = PBXFileReference; lastKnownFileType = folder.assetcatalog; path = Assets.xcassets; sourceTree = "<group>"; };
		51C3FB572BE2F19B00667FB4 /* Preview Assets.xcassets */ = {isa = PBXFileReference; lastKnownFileType = folder.assetcatalog; path = "Preview Assets.xcassets"; sourceTree = "<group>"; };
		51C3FB622BE2FA3000667FB4 /* CardPrincipal.swift */ = {isa = PBXFileReference; lastKnownFileType = sourcecode.swift; path = CardPrincipal.swift; sourceTree = "<group>"; };
		51C3FB682BE43CBE00667FB4 /* Scrapper.swift */ = {isa = PBXFileReference; lastKnownFileType = sourcecode.swift; path = Scrapper.swift; sourceTree = "<group>"; };
		51C454242BE4810A00B4D13B /* DolarModel.swift */ = {isa = PBXFileReference; lastKnownFileType = sourcecode.swift; path = DolarModel.swift; sourceTree = "<group>"; };
		51C454272BE481CE00B4D13B /* DolarEnum.swift */ = {isa = PBXFileReference; lastKnownFileType = sourcecode.swift; path = DolarEnum.swift; sourceTree = "<group>"; };
		51C4542A2BE4838500B4D13B /* DolarViewModel.swift */ = {isa = PBXFileReference; lastKnownFileType = sourcecode.swift; path = DolarViewModel.swift; sourceTree = "<group>"; };
		51C4542C2BE5723A00B4D13B /* NetworkErrors.swift */ = {isa = PBXFileReference; lastKnownFileType = sourcecode.swift; path = NetworkErrors.swift; sourceTree = "<group>"; };
		51C4542E2BE5794F00B4D13B /* DolarCardLoading.swift */ = {isa = PBXFileReference; lastKnownFileType = sourcecode.swift; path = DolarCardLoading.swift; sourceTree = "<group>"; };
		51C454302BE57F1400B4D13B /* GeneralFunctions.swift */ = {isa = PBXFileReference; lastKnownFileType = sourcecode.swift; path = GeneralFunctions.swift; sourceTree = "<group>"; };
		51E506BF2BEC231F0002FFC6 /* WhiteCardBackGround.swift */ = {isa = PBXFileReference; lastKnownFileType = sourcecode.swift; path = WhiteCardBackGround.swift; sourceTree = "<group>"; };
		51E506C12BEC23490002FFC6 /* ColorBackGround.swift */ = {isa = PBXFileReference; lastKnownFileType = sourcecode.swift; path = ColorBackGround.swift; sourceTree = "<group>"; };
/* End PBXFileReference section */

/* Begin PBXFrameworksBuildPhase section */
		51C3FB4A2BE2F19900667FB4 /* Frameworks */ = {
			isa = PBXFrameworksBuildPhase;
			buildActionMask = 2147483647;
			files = (
				51C3FB662BE42F5100667FB4 /* SwiftSoup in Frameworks */,
			);
			runOnlyForDeploymentPostprocessing = 0;
		};
/* End PBXFrameworksBuildPhase section */

/* Begin PBXGroup section */
		51C3FB442BE2F19900667FB4 = {
			isa = PBXGroup;
			children = (
				51C3FB4F2BE2F19900667FB4 /* Dolarg */,
				51C3FB4E2BE2F19900667FB4 /* Products */,
			);
			sourceTree = "<group>";
		};
		51C3FB4E2BE2F19900667FB4 /* Products */ = {
			isa = PBXGroup;
			children = (
				51C3FB4D2BE2F19900667FB4 /* Dolarg.app */,
			);
			name = Products;
			sourceTree = "<group>";
		};
		51C3FB4F2BE2F19900667FB4 /* Dolarg */ = {
			isa = PBXGroup;
			children = (
				51C3FB502BE2F19900667FB4 /* DolargApp.swift */,
				51C3FB542BE2F19B00667FB4 /* Assets.xcassets */,
				51C3FB672BE43CB000667FB4 /* Scrapper */,
				51C3FB5E2BE2F9DF00667FB4 /* VIews */,
				51C454232BE480F700B4D13B /* Model */,
				51C454292BE4836100B4D13B /* ViewModels */,
				51C3FB562BE2F19B00667FB4 /* Preview Content */,
			);
			path = Dolarg;
			sourceTree = "<group>";
		};
		51C3FB562BE2F19B00667FB4 /* Preview Content */ = {
			isa = PBXGroup;
			children = (
				51C3FB572BE2F19B00667FB4 /* Preview Assets.xcassets */,
			);
			path = "Preview Content";
			sourceTree = "<group>";
		};
		51C3FB5E2BE2F9DF00667FB4 /* VIews */ = {
			isa = PBXGroup;
			children = (
				51C3FB522BE2F19900667FB4 /* Home.swift */,
				5158CDFF2BE6ABF200C963EA /* ChartView.swift */,
				51C3FB5F2BE2F9E400667FB4 /* Components */,
			);
			path = VIews;
			sourceTree = "<group>";
		};
		51C3FB5F2BE2F9E400667FB4 /* Components */ = {
			isa = PBXGroup;
			children = (
				51E506BE2BEC23100002FFC6 /* BackGround */,
				51C3FB612BE2FA2100667FB4 /* Buttons */,
				51C3FB602BE2FA1A00667FB4 /* Cards */,
				5103F7B12BF57863009B11ED /* LaunchScreen.storyboard */,
			);
			path = Components;
			sourceTree = "<group>";
		};
		51C3FB602BE2FA1A00667FB4 /* Cards */ = {
			isa = PBXGroup;
			children = (
				51C3FB622BE2FA3000667FB4 /* CardPrincipal.swift */,
				51C4542E2BE5794F00B4D13B /* DolarCardLoading.swift */,
				519CEB9B2BEAFAD8005144E7 /* ChartLoading.swift */,
				5199EE3F2BF018A300B5BABD /* ChartAnimationStroke.swift */,
			);
			path = Cards;
			sourceTree = "<group>";
		};
		51C3FB612BE2FA2100667FB4 /* Buttons */ = {
			isa = PBXGroup;
			children = (
			);
			path = Buttons;
			sourceTree = "<group>";
		};
		51C3FB672BE43CB000667FB4 /* Scrapper */ = {
			isa = PBXGroup;
			children = (
				5103F7A32BF2D1E6009B11ED /* data.json */,
				51C454272BE481CE00B4D13B /* DolarEnum.swift */,
				51C3FB682BE43CBE00667FB4 /* Scrapper.swift */,
				5103F7AF2BF4587F009B11ED /* ScrapHistorico.swift */,
				51C4542C2BE5723A00B4D13B /* NetworkErrors.swift */,
			);
			path = Scrapper;
			sourceTree = "<group>";
		};
		51C454232BE480F700B4D13B /* Model */ = {
			isa = PBXGroup;
			children = (
				51C454242BE4810A00B4D13B /* DolarModel.swift */,
				5158CE012BE6B9D100C963EA /* HistoricoModel.swift */,
				5158CE052BE9825D00C963EA /* DolarChartModel.swift */,
				5103F7A52BF2D765009B11ED /* DolarLocalModel.swift */,
			);
			path = Model;
			sourceTree = "<group>";
		};
		51C454292BE4836100B4D13B /* ViewModels */ = {
			isa = PBXGroup;
			children = (
				51C4542A2BE4838500B4D13B /* DolarViewModel.swift */,
				5103F7AD2BF45502009B11ED /* HistoricoViewModel.swift */,
				51C454302BE57F1400B4D13B /* GeneralFunctions.swift */,
			);
			path = ViewModels;
			sourceTree = "<group>";
		};
		51E506BE2BEC23100002FFC6 /* BackGround */ = {
			isa = PBXGroup;
			children = (
				51E506BF2BEC231F0002FFC6 /* WhiteCardBackGround.swift */,
				51E506C12BEC23490002FFC6 /* ColorBackGround.swift */,
			);
			path = BackGround;
			sourceTree = "<group>";
		};
/* End PBXGroup section */

/* Begin PBXNativeTarget section */
		51C3FB4C2BE2F19900667FB4 /* Dolarg */ = {
			isa = PBXNativeTarget;
			buildConfigurationList = 51C3FB5B2BE2F19B00667FB4 /* Build configuration list for PBXNativeTarget "Dolarg" */;
			buildPhases = (
				51C3FB492BE2F19900667FB4 /* Sources */,
				51C3FB4A2BE2F19900667FB4 /* Frameworks */,
				51C3FB4B2BE2F19900667FB4 /* Resources */,
			);
			buildRules = (
			);
			dependencies = (
			);
			name = Dolarg;
			packageProductDependencies = (
				51C3FB652BE42F5100667FB4 /* SwiftSoup */,
			);
			productName = Dolarg;
			productReference = 51C3FB4D2BE2F19900667FB4 /* Dolarg.app */;
			productType = "com.apple.product-type.application";
		};
/* End PBXNativeTarget section */

/* Begin PBXProject section */
		51C3FB452BE2F19900667FB4 /* Project object */ = {
			isa = PBXProject;
			attributes = {
				BuildIndependentTargetsInParallel = 1;
				LastSwiftUpdateCheck = 1530;
				LastUpgradeCheck = 1530;
				TargetAttributes = {
					51C3FB4C2BE2F19900667FB4 = {
						CreatedOnToolsVersion = 15.3;
					};
				};
			};
			buildConfigurationList = 51C3FB482BE2F19900667FB4 /* Build configuration list for PBXProject "Dolarg" */;
			compatibilityVersion = "Xcode 14.0";
			developmentRegion = en;
			hasScannedForEncodings = 0;
			knownRegions = (
				en,
				Base,
			);
			mainGroup = 51C3FB442BE2F19900667FB4;
			packageReferences = (
				51C3FB642BE42F5100667FB4 /* XCRemoteSwiftPackageReference "SwiftSoup" */,
			);
			productRefGroup = 51C3FB4E2BE2F19900667FB4 /* Products */;
			projectDirPath = "";
			projectRoot = "";
			targets = (
				51C3FB4C2BE2F19900667FB4 /* Dolarg */,
			);
		};
/* End PBXProject section */

/* Begin PBXResourcesBuildPhase section */
		51C3FB4B2BE2F19900667FB4 /* Resources */ = {
			isa = PBXResourcesBuildPhase;
			buildActionMask = 2147483647;
			files = (
				51C3FB582BE2F19B00667FB4 /* Preview Assets.xcassets in Resources */,
				5103F7B22BF57863009B11ED /* LaunchScreen.storyboard in Resources */,
				5103F7A42BF2D1E6009B11ED /* data.json in Resources */,
				51C3FB552BE2F19B00667FB4 /* Assets.xcassets in Resources */,
			);
			runOnlyForDeploymentPostprocessing = 0;
		};
/* End PBXResourcesBuildPhase section */

/* Begin PBXSourcesBuildPhase section */
		51C3FB492BE2F19900667FB4 /* Sources */ = {
			isa = PBXSourcesBuildPhase;
			buildActionMask = 2147483647;
			files = (
				5158CE022BE6B9D100C963EA /* HistoricoModel.swift in Sources */,
				51C3FB632BE2FA3000667FB4 /* CardPrincipal.swift in Sources */,
				5103F7AE2BF45502009B11ED /* HistoricoViewModel.swift in Sources */,
				51C3FB692BE43CBE00667FB4 /* Scrapper.swift in Sources */,
				51C3FB532BE2F19900667FB4 /* Home.swift in Sources */,
				5158CE062BE9825D00C963EA /* DolarChartModel.swift in Sources */,
				51C4542B2BE4838500B4D13B /* DolarViewModel.swift in Sources */,
				51C4542F2BE5794F00B4D13B /* DolarCardLoading.swift in Sources */,
				5103F7B02BF4587F009B11ED /* ScrapHistorico.swift in Sources */,
				51C454282BE481CE00B4D13B /* DolarEnum.swift in Sources */,
				51E506C02BEC231F0002FFC6 /* WhiteCardBackGround.swift in Sources */,
				5199EE402BF018A300B5BABD /* ChartAnimationStroke.swift in Sources */,
				5103F7A62BF2D765009B11ED /* DolarLocalModel.swift in Sources */,
				51C454312BE57F1400B4D13B /* GeneralFunctions.swift in Sources */,
				5158CE002BE6ABF200C963EA /* ChartView.swift in Sources */,
				51C4542D2BE5723A00B4D13B /* NetworkErrors.swift in Sources */,
				51C454252BE4810A00B4D13B /* DolarModel.swift in Sources */,
				51C3FB512BE2F19900667FB4 /* DolargApp.swift in Sources */,
				519CEB9C2BEAFAD9005144E7 /* ChartLoading.swift in Sources */,
				51E506C22BEC23490002FFC6 /* ColorBackGround.swift in Sources */,
			);
			runOnlyForDeploymentPostprocessing = 0;
		};
/* End PBXSourcesBuildPhase section */

/* Begin XCBuildConfiguration section */
		51C3FB592BE2F19B00667FB4 /* Debug */ = {
			isa = XCBuildConfiguration;
			buildSettings = {
				ALWAYS_SEARCH_USER_PATHS = NO;
				ASSETCATALOG_COMPILER_GENERATE_SWIFT_ASSET_SYMBOL_EXTENSIONS = YES;
				CLANG_ANALYZER_NONNULL = YES;
				CLANG_ANALYZER_NUMBER_OBJECT_CONVERSION = YES_AGGRESSIVE;
				CLANG_CXX_LANGUAGE_STANDARD = "gnu++20";
				CLANG_ENABLE_MODULES = YES;
				CLANG_ENABLE_OBJC_ARC = YES;
				CLANG_ENABLE_OBJC_WEAK = YES;
				CLANG_WARN_BLOCK_CAPTURE_AUTORELEASING = YES;
				CLANG_WARN_BOOL_CONVERSION = YES;
				CLANG_WARN_COMMA = YES;
				CLANG_WARN_CONSTANT_CONVERSION = YES;
				CLANG_WARN_DEPRECATED_OBJC_IMPLEMENTATIONS = YES;
				CLANG_WARN_DIRECT_OBJC_ISA_USAGE = YES_ERROR;
				CLANG_WARN_DOCUMENTATION_COMMENTS = YES;
				CLANG_WARN_EMPTY_BODY = YES;
				CLANG_WARN_ENUM_CONVERSION = YES;
				CLANG_WARN_INFINITE_RECURSION = YES;
				CLANG_WARN_INT_CONVERSION = YES;
				CLANG_WARN_NON_LITERAL_NULL_CONVERSION = YES;
				CLANG_WARN_OBJC_IMPLICIT_RETAIN_SELF = YES;
				CLANG_WARN_OBJC_LITERAL_CONVERSION = YES;
				CLANG_WARN_OBJC_ROOT_CLASS = YES_ERROR;
				CLANG_WARN_QUOTED_INCLUDE_IN_FRAMEWORK_HEADER = YES;
				CLANG_WARN_RANGE_LOOP_ANALYSIS = YES;
				CLANG_WARN_STRICT_PROTOTYPES = YES;
				CLANG_WARN_SUSPICIOUS_MOVE = YES;
				CLANG_WARN_UNGUARDED_AVAILABILITY = YES_AGGRESSIVE;
				CLANG_WARN_UNREACHABLE_CODE = YES;
				CLANG_WARN__DUPLICATE_METHOD_MATCH = YES;
				COPY_PHASE_STRIP = NO;
				DEBUG_INFORMATION_FORMAT = dwarf;
				ENABLE_STRICT_OBJC_MSGSEND = YES;
				ENABLE_TESTABILITY = YES;
				ENABLE_USER_SCRIPT_SANDBOXING = YES;
				GCC_C_LANGUAGE_STANDARD = gnu17;
				GCC_DYNAMIC_NO_PIC = NO;
				GCC_NO_COMMON_BLOCKS = YES;
				GCC_OPTIMIZATION_LEVEL = 0;
				GCC_PREPROCESSOR_DEFINITIONS = (
					"DEBUG=1",
					"$(inherited)",
				);
				GCC_WARN_64_TO_32_BIT_CONVERSION = YES;
				GCC_WARN_ABOUT_RETURN_TYPE = YES_ERROR;
				GCC_WARN_UNDECLARED_SELECTOR = YES;
				GCC_WARN_UNINITIALIZED_AUTOS = YES_AGGRESSIVE;
				GCC_WARN_UNUSED_FUNCTION = YES;
				GCC_WARN_UNUSED_VARIABLE = YES;
				IPHONEOS_DEPLOYMENT_TARGET = 17.4;
				LOCALIZATION_PREFERS_STRING_CATALOGS = YES;
				MTL_ENABLE_DEBUG_INFO = INCLUDE_SOURCE;
				MTL_FAST_MATH = YES;
				ONLY_ACTIVE_ARCH = YES;
				SDKROOT = iphoneos;
				SWIFT_ACTIVE_COMPILATION_CONDITIONS = "DEBUG $(inherited)";
				SWIFT_OPTIMIZATION_LEVEL = "-Onone";
			};
			name = Debug;
		};
		51C3FB5A2BE2F19B00667FB4 /* Release */ = {
			isa = XCBuildConfiguration;
			buildSettings = {
				ALWAYS_SEARCH_USER_PATHS = NO;
				ASSETCATALOG_COMPILER_GENERATE_SWIFT_ASSET_SYMBOL_EXTENSIONS = YES;
				CLANG_ANALYZER_NONNULL = YES;
				CLANG_ANALYZER_NUMBER_OBJECT_CONVERSION = YES_AGGRESSIVE;
				CLANG_CXX_LANGUAGE_STANDARD = "gnu++20";
				CLANG_ENABLE_MODULES = YES;
				CLANG_ENABLE_OBJC_ARC = YES;
				CLANG_ENABLE_OBJC_WEAK = YES;
				CLANG_WARN_BLOCK_CAPTURE_AUTORELEASING = YES;
				CLANG_WARN_BOOL_CONVERSION = YES;
				CLANG_WARN_COMMA = YES;
				CLANG_WARN_CONSTANT_CONVERSION = YES;
				CLANG_WARN_DEPRECATED_OBJC_IMPLEMENTATIONS = YES;
				CLANG_WARN_DIRECT_OBJC_ISA_USAGE = YES_ERROR;
				CLANG_WARN_DOCUMENTATION_COMMENTS = YES;
				CLANG_WARN_EMPTY_BODY = YES;
				CLANG_WARN_ENUM_CONVERSION = YES;
				CLANG_WARN_INFINITE_RECURSION = YES;
				CLANG_WARN_INT_CONVERSION = YES;
				CLANG_WARN_NON_LITERAL_NULL_CONVERSION = YES;
				CLANG_WARN_OBJC_IMPLICIT_RETAIN_SELF = YES;
				CLANG_WARN_OBJC_LITERAL_CONVERSION = YES;
				CLANG_WARN_OBJC_ROOT_CLASS = YES_ERROR;
				CLANG_WARN_QUOTED_INCLUDE_IN_FRAMEWORK_HEADER = YES;
				CLANG_WARN_RANGE_LOOP_ANALYSIS = YES;
				CLANG_WARN_STRICT_PROTOTYPES = YES;
				CLANG_WARN_SUSPICIOUS_MOVE = YES;
				CLANG_WARN_UNGUARDED_AVAILABILITY = YES_AGGRESSIVE;
				CLANG_WARN_UNREACHABLE_CODE = YES;
				CLANG_WARN__DUPLICATE_METHOD_MATCH = YES;
				COPY_PHASE_STRIP = NO;
				DEBUG_INFORMATION_FORMAT = "dwarf-with-dsym";
				ENABLE_NS_ASSERTIONS = NO;
				ENABLE_STRICT_OBJC_MSGSEND = YES;
				ENABLE_USER_SCRIPT_SANDBOXING = YES;
				GCC_C_LANGUAGE_STANDARD = gnu17;
				GCC_NO_COMMON_BLOCKS = YES;
				GCC_WARN_64_TO_32_BIT_CONVERSION = YES;
				GCC_WARN_ABOUT_RETURN_TYPE = YES_ERROR;
				GCC_WARN_UNDECLARED_SELECTOR = YES;
				GCC_WARN_UNINITIALIZED_AUTOS = YES_AGGRESSIVE;
				GCC_WARN_UNUSED_FUNCTION = YES;
				GCC_WARN_UNUSED_VARIABLE = YES;
				IPHONEOS_DEPLOYMENT_TARGET = 17.4;
				LOCALIZATION_PREFERS_STRING_CATALOGS = YES;
				MTL_ENABLE_DEBUG_INFO = NO;
				MTL_FAST_MATH = YES;
				SDKROOT = iphoneos;
				SWIFT_COMPILATION_MODE = wholemodule;
				VALIDATE_PRODUCT = YES;
			};
			name = Release;
		};
		51C3FB5C2BE2F19B00667FB4 /* Debug */ = {
			isa = XCBuildConfiguration;
			buildSettings = {
				ASSETCATALOG_COMPILER_APPICON_NAME = AppIcon;
				ASSETCATALOG_COMPILER_GLOBAL_ACCENT_COLOR_NAME = AccentColor;
				CODE_SIGN_STYLE = Automatic;
				CURRENT_PROJECT_VERSION = 1;
				DEVELOPMENT_ASSET_PATHS = "\"Dolarg/Preview Content\"";
				DEVELOPMENT_TEAM = HR4FTPUHQH;
				ENABLE_PREVIEWS = YES;
				GENERATE_INFOPLIST_FILE = YES;
				INFOPLIST_KEY_UIApplicationSceneManifest_Generation = YES;
				INFOPLIST_KEY_UIApplicationSupportsIndirectInputEvents = YES;
				INFOPLIST_KEY_UILaunchScreen_Generation = YES;
				INFOPLIST_KEY_UILaunchStoryboardName = LaunchScreen.storyboard;
				INFOPLIST_KEY_UISupportedInterfaceOrientations_iPad = "UIInterfaceOrientationPortrait UIInterfaceOrientationPortraitUpsideDown UIInterfaceOrientationLandscapeLeft UIInterfaceOrientationLandscapeRight";
				INFOPLIST_KEY_UISupportedInterfaceOrientations_iPhone = "UIInterfaceOrientationPortrait UIInterfaceOrientationLandscapeLeft UIInterfaceOrientationLandscapeRight";
				LD_RUNPATH_SEARCH_PATHS = (
					"$(inherited)",
					"@executable_path/Frameworks",
				);
				MARKETING_VERSION = 1.0;
				PRODUCT_BUNDLE_IDENTIFIER = com.gastonfoncea.Dolarg;
				PRODUCT_NAME = "$(TARGET_NAME)";
				SWIFT_EMIT_LOC_STRINGS = YES;
				SWIFT_VERSION = 5.0;
				TARGETED_DEVICE_FAMILY = "1,2";
			};
			name = Debug;
		};
		51C3FB5D2BE2F19B00667FB4 /* Release */ = {
			isa = XCBuildConfiguration;
			buildSettings = {
				ASSETCATALOG_COMPILER_APPICON_NAME = AppIcon;
				ASSETCATALOG_COMPILER_GLOBAL_ACCENT_COLOR_NAME = AccentColor;
				CODE_SIGN_STYLE = Automatic;
				CURRENT_PROJECT_VERSION = 1;
				DEVELOPMENT_ASSET_PATHS = "\"Dolarg/Preview Content\"";
				DEVELOPMENT_TEAM = HR4FTPUHQH;
				ENABLE_PREVIEWS = YES;
				GENERATE_INFOPLIST_FILE = YES;
				INFOPLIST_KEY_UIApplicationSceneManifest_Generation = YES;
				INFOPLIST_KEY_UIApplicationSupportsIndirectInputEvents = YES;
				INFOPLIST_KEY_UILaunchScreen_Generation = YES;
				INFOPLIST_KEY_UILaunchStoryboardName = LaunchScreen.storyboard;
				INFOPLIST_KEY_UISupportedInterfaceOrientations_iPad = "UIInterfaceOrientationPortrait UIInterfaceOrientationPortraitUpsideDown UIInterfaceOrientationLandscapeLeft UIInterfaceOrientationLandscapeRight";
				INFOPLIST_KEY_UISupportedInterfaceOrientations_iPhone = "UIInterfaceOrientationPortrait UIInterfaceOrientationLandscapeLeft UIInterfaceOrientationLandscapeRight";
				LD_RUNPATH_SEARCH_PATHS = (
					"$(inherited)",
					"@executable_path/Frameworks",
				);
				MARKETING_VERSION = 1.0;
				PRODUCT_BUNDLE_IDENTIFIER = com.gastonfoncea.Dolarg;
				PRODUCT_NAME = "$(TARGET_NAME)";
				SWIFT_EMIT_LOC_STRINGS = YES;
				SWIFT_VERSION = 5.0;
				TARGETED_DEVICE_FAMILY = "1,2";
			};
			name = Release;
		};
/* End XCBuildConfiguration section */

/* Begin XCConfigurationList section */
		51C3FB482BE2F19900667FB4 /* Build configuration list for PBXProject "Dolarg" */ = {
			isa = XCConfigurationList;
			buildConfigurations = (
				51C3FB592BE2F19B00667FB4 /* Debug */,
				51C3FB5A2BE2F19B00667FB4 /* Release */,
			);
			defaultConfigurationIsVisible = 0;
			defaultConfigurationName = Release;
		};
		51C3FB5B2BE2F19B00667FB4 /* Build configuration list for PBXNativeTarget "Dolarg" */ = {
			isa = XCConfigurationList;
			buildConfigurations = (
				51C3FB5C2BE2F19B00667FB4 /* Debug */,
				51C3FB5D2BE2F19B00667FB4 /* Release */,
			);
			defaultConfigurationIsVisible = 0;
			defaultConfigurationName = Release;
		};
/* End XCConfigurationList section */

/* Begin XCRemoteSwiftPackageReference section */
		51C3FB642BE42F5100667FB4 /* XCRemoteSwiftPackageReference "SwiftSoup" */ = {
			isa = XCRemoteSwiftPackageReference;
			repositoryURL = "https://github.com/scinfu/SwiftSoup";
			requirement = {
				kind = upToNextMajorVersion;
				minimumVersion = 2.7.2;
			};
		};
/* End XCRemoteSwiftPackageReference section */

/* Begin XCSwiftPackageProductDependency section */
		51C3FB652BE42F5100667FB4 /* SwiftSoup */ = {
			isa = XCSwiftPackageProductDependency;
			package = 51C3FB642BE42F5100667FB4 /* XCRemoteSwiftPackageReference "SwiftSoup" */;
			productName = SwiftSoup;
		};
/* End XCSwiftPackageProductDependency section */
	};
	rootObject = 51C3FB452BE2F19900667FB4 /* Project object */;
}
